github.com/clipperhouse/stringish v0.1.1 h1:+NSqMOr3GR6k1FdRhhnXrLfztGzuG+VuFDfatpWHKCs=
github.com/clipperhouse/stringish v0.1.1/go.mod h1:v/WhFtE1q0ovMta2+m+UbpZ+2/HEXNWYXQgCt4hdOzA=
github.com/clipperhouse/uax29/v2 v2.3.0 h1:SNdx9DVUqMoBuBoW3iLOj4FQv3dN5mDtuqwuhIGpJy4=
github.com/clipperhouse/uax29/v2 v2.3.0/go.mod h1:Wn1g7MK6OoeDT0vL+Q0SQLDz/KpfsVRgg6W7ihQeh4g=
github.com/davecgh/go-spew v1.1.1 h1:vj9j/u1bqnvCEfJOwUhtlOARqs3+rkHYY13jYWTU97c=
github.com/davecgh/go-spew v1.1.1/go.mod h1:J7Y8YcW2NihsgmVo/mv3lAwl/skON4iLHjSsI+c5H38=
github.com/engmtcdrm/go-ansi v1.0.1 h1:EuCZwIIjBxIPZECCsLqW7oix1OajU84yhfLMdrhHn/I=
github.com/engmtcdrm/go-ansi v1.0.1/go.mod h1:JU8Qdj73+kwuR7TVUGywKJiiw7oiLLg9L1tsOTsDecE=
github.com/engmtcdrm/go-eggy v0.0.0-20251226021541-1678943592e5 h1:O1NjHqtQ1e/AEtKbsPvGGJlCgj1TNtPQU5fcsJCuTAA=
github.com/engmtcdrm/go-eggy v0.0.0-20251226021541-1678943592e5/go.mod h1:UZR7ogQfyN6q4BeP4wziqwkrYjdJI1OJw8MquCKhCWk=
github.com/engmtcdrm/go-pardon v0.0.0-20251015210019-f3dbc0f5b83a h1:18BXOn+Sgxm3wpo0W9XCCr4Nv/CTjlXr2FgVW0fz2dE=
github.com/engmtcdrm/go-pardon v0.0.0-20251015210019-f3dbc0f5b83a/go.mod h1:czgTOup9xea/r16g/N+ZVAnGpUpZEW9Fd3g1LMrU0Qg=
github.com/engmtcdrm/go-prettyprint v1.2.0 h1:VZZNj51npvlvUU3APqAmQznlRvulHLDLHPk8Per0EFY=
github.com/engmtcdrm/go-prettyprint v1.2.0/go.mod h1:JAVlA6ZwVyk3jkpeejxRCMc6daru6WxSN2zFtHGL9ag=
github.com/mattn/go-runewidth v0.0.19 h1:v++JhqYnZuu5jSKrk9RbgF5v4CGUjqRfBm05byFGLdw=
github.com/mattn/go-runewidth v0.0.19/go.mod h1:XBkDxAl56ILZc9knddidhrOlY5R/pDhgLpndooCuJAs=
github.com/pmezard/go-difflib v1.0.0 h1:4DBwDE0NGyQoBHbLQYPwSUPoCMWR5BEzIk/f1lZbAQM=
github.com/pmezard/go-difflib v1.0.0/go.mod h1:iKH77koFhYxTK1pcRnkKkqfTogsbg7gZNVY4sRDYZ/4=
github.com/stretchr/testify v1.11.1 h1:7s2iGBzp5EwR7/aIZr8ao5+dra3wiQyKjjFuvgVKu7U=
github.com/stretchr/testify v1.11.1/go.mod h1:wZwfW3scLgRK+23gO65QZefKpKQRnfz6sD981Nm4B6U=
golang.org/x/sys v0.39.0 h1:CvCKL8MeisomCi6qNZ+wbb0DN9E5AATixKsvNtMoMFk=
golang.org/x/sys v0.39.0/go.mod h1:OgkHotnGiDImocRcuBABYBEXf8A9a87e/uXjp9XT3ks=
golang.org/x/term v0.38.0 h1:PQ5pkm/rLO6HnxFR7N2lJHOZX6Kez5Y1gDSJla6jo7Q=
golang.org/x/term v0.38.0/go.mod h1:bSEAKrOT1W+VSu9TSCMtoGEOUcKxOKgl3LE5QEF/xVg=
gopkg.in/yaml.v3 v3.0.1 h1:fxVm/GzAzEWqLHuvctI91KS9hhNmmWOoWu0XTYJS7CA=
gopkg.in/yaml.v3 v3.0.1/go.mod h1:K4uyk7z7BCEPqu6E+C64Yfv1cQ7kz7rIZviUmN+EgEM=
